// !$*UTF8*$!
{
	archiveVersion = 1;
	classes = {
	};
	objectVersion = 51;
	objects = {

/* Begin PBXBuildFile section */
		8BA0D059227D8C83000AC0A3 /* AppDelegate.m in Sources */ = {isa = PBXBuildFile; fileRef = 8BA0D058227D8C83000AC0A3 /* AppDelegate.m */; };
		8BA0D062227D8C83000AC0A3 /* WeiBoDemo2.xcdatamodeld in Sources */ = {isa = PBXBuildFile; fileRef = 8BA0D060227D8C83000AC0A3 /* WeiBoDemo2.xcdatamodeld */; };
		8BA0D064227D8C84000AC0A3 /* Assets.xcassets in Resources */ = {isa = PBXBuildFile; fileRef = 8BA0D063227D8C84000AC0A3 /* Assets.xcassets */; };
		8BA0D06A227D8C84000AC0A3 /* main.m in Sources */ = {isa = PBXBuildFile; fileRef = 8BA0D069227D8C84000AC0A3 /* main.m */; };
		8BA0D074227D8C84000AC0A3 /* WeiBoDemo2Tests.m in Sources */ = {isa = PBXBuildFile; fileRef = 8BA0D073227D8C84000AC0A3 /* WeiBoDemo2Tests.m */; };
		8BA0D07F227D8C84000AC0A3 /* WeiBoDemo2UITests.m in Sources */ = {isa = PBXBuildFile; fileRef = 8BA0D07E227D8C84000AC0A3 /* WeiBoDemo2UITests.m */; };
		8BB46D74227DDF8B00C3359F /* SHTabBarController.m in Sources */ = {isa = PBXBuildFile; fileRef = 8BB46D73227DDF8B00C3359F /* SHTabBarController.m */; };
		8BB46D77227DE25100C3359F /* SHHomeTableViewController.m in Sources */ = {isa = PBXBuildFile; fileRef = 8BB46D76227DE25100C3359F /* SHHomeTableViewController.m */; };
		8BB46D7A227DE27200C3359F /* SHDiscoverViewController.m in Sources */ = {isa = PBXBuildFile; fileRef = 8BB46D79227DE27200C3359F /* SHDiscoverViewController.m */; };
		8BB46D7D227DE28600C3359F /* SHMessageViewController.m in Sources */ = {isa = PBXBuildFile; fileRef = 8BB46D7C227DE28600C3359F /* SHMessageViewController.m */; };
		8BB46D80227DE29C00C3359F /* SHProfileViewController.m in Sources */ = {isa = PBXBuildFile; fileRef = 8BB46D7F227DE29C00C3359F /* SHProfileViewController.m */; };
		8BB46D83227DEE3C00C3359F /* SHNavigationController.m in Sources */ = {isa = PBXBuildFile; fileRef = 8BB46D82227DEE3C00C3359F /* SHNavigationController.m */; };
		8BB46D86227DF32400C3359F /* SHTabBar.m in Sources */ = {isa = PBXBuildFile; fileRef = 8BB46D85227DF32400C3359F /* SHTabBar.m */; };
		8BB46D8B227E05C500C3359F /* UIBarButtonItem+SHBarButton.m in Sources */ = {isa = PBXBuildFile; fileRef = 8BB46D8A227E05C500C3359F /* UIBarButtonItem+SHBarButton.m */; };
		8BB46D8E227E09B600C3359F /* SHSubViewController.m in Sources */ = {isa = PBXBuildFile; fileRef = 8BB46D8D227E09B600C3359F /* SHSubViewController.m */; };
		8BB8FF94227EC72000930989 /* SHNewFeatrureController.m in Sources */ = {isa = PBXBuildFile; fileRef = 8BB8FF93227EC72000930989 /* SHNewFeatrureController.m */; };
		8BB8FF97227ECA9400930989 /* SHNewFeatureCell.m in Sources */ = {isa = PBXBuildFile; fileRef = 8BB8FF96227ECA9400930989 /* SHNewFeatureCell.m */; };
		8BB8FFA1227ECE0700930989 /* new_feature_4-568h@2x.png in Resources */ = {isa = PBXBuildFile; fileRef = 8BB8FF99227ECE0700930989 /* new_feature_4-568h@2x.png */; };
		8BB8FFA2227ECE0700930989 /* new_feature_3-568h@2x.png in Resources */ = {isa = PBXBuildFile; fileRef = 8BB8FF9A227ECE0700930989 /* new_feature_3-568h@2x.png */; };
		8BB8FFA3227ECE0700930989 /* new_feature_share_false@2x.png in Resources */ = {isa = PBXBuildFile; fileRef = 8BB8FF9B227ECE0700930989 /* new_feature_share_false@2x.png */; };
		8BB8FFA4227ECE0700930989 /* new_feature_share_true@2x.png in Resources */ = {isa = PBXBuildFile; fileRef = 8BB8FF9C227ECE0700930989 /* new_feature_share_true@2x.png */; };
		8BB8FFA5227ECE0700930989 /* new_feature_1-568h@2x.png in Resources */ = {isa = PBXBuildFile; fileRef = 8BB8FF9D227ECE0700930989 /* new_feature_1-568h@2x.png */; };
		8BB8FFA6227ECE0700930989 /* new_feature_finish_button_highlighted@2x.png in Resources */ = {isa = PBXBuildFile; fileRef = 8BB8FF9E227ECE0700930989 /* new_feature_finish_button_highlighted@2x.png */; };
		8BB8FFA7227ECE0700930989 /* new_feature_2-568h@2x.png in Resources */ = {isa = PBXBuildFile; fileRef = 8BB8FF9F227ECE0700930989 /* new_feature_2-568h@2x.png */; };
		8BB8FFA8227ECE0700930989 /* new_feature_finish_button@2x.png in Resources */ = {isa = PBXBuildFile; fileRef = 8BB8FFA0227ECE0700930989 /* new_feature_finish_button@2x.png */; };
		8BB8FFAD227F257100930989 /* SHLaunchTools.m in Sources */ = {isa = PBXBuildFile; fileRef = 8BB8FFAC227F257100930989 /* SHLaunchTools.m */; };
		8BB8FFB4227F2CD000930989 /* SHOAuthController.m in Sources */ = {isa = PBXBuildFile; fileRef = 8BB8FFB3227F2CD000930989 /* SHOAuthController.m */; };
		8BB8FFB7227F356600930989 /* SHUserAccount.m in Sources */ = {isa = PBXBuildFile; fileRef = 8BB8FFB6227F356600930989 /* SHUserAccount.m */; };
		8BB8FFBC227F425E00930989 /* SHHttpTools.m in Sources */ = {isa = PBXBuildFile; fileRef = 8BB8FFBB227F425E00930989 /* SHHttpTools.m */; };
		8BB8FFBF227F462000930989 /* SHAccountTools.m in Sources */ = {isa = PBXBuildFile; fileRef = 8BB8FFBE227F462000930989 /* SHAccountTools.m */; };
		B001F7CDEAAED8318708CD67 /* libPods-WeiBoDemo2.a in Frameworks */ = {isa = PBXBuildFile; fileRef = 63961B66152C0FE5FA878289 /* libPods-WeiBoDemo2.a */; };
/* End PBXBuildFile section */

/* Begin PBXContainerItemProxy section */
		8BA0D070227D8C84000AC0A3 /* PBXContainerItemProxy */ = {
			isa = PBXContainerItemProxy;
			containerPortal = 8BA0D04C227D8C83000AC0A3 /* Project object */;
			proxyType = 1;
			remoteGlobalIDString = 8BA0D053227D8C83000AC0A3;
			remoteInfo = WeiBoDemo2;
		};
		8BA0D07B227D8C84000AC0A3 /* PBXContainerItemProxy */ = {
			isa = PBXContainerItemProxy;
			containerPortal = 8BA0D04C227D8C83000AC0A3 /* Project object */;
			proxyType = 1;
			remoteGlobalIDString = 8BA0D053227D8C83000AC0A3;
			remoteInfo = WeiBoDemo2;
		};
/* End PBXContainerItemProxy section */

/* Begin PBXFileReference section */
		63961B66152C0FE5FA878289 /* libPods-WeiBoDemo2.a */ = {isa = PBXFileReference; explicitFileType = archive.ar; includeInIndex = 0; path = "libPods-WeiBoDemo2.a"; sourceTree = BUILT_PRODUCTS_DIR; };
		68A9D28CC63C493623153D96 /* Pods-WeiBoDemo2.release.xcconfig */ = {isa = PBXFileReference; includeInIndex = 1; lastKnownFileType = text.xcconfig; name = "Pods-WeiBoDemo2.release.xcconfig"; path = "Pods/Target Support Files/Pods-WeiBoDemo2/Pods-WeiBoDemo2.release.xcconfig"; sourceTree = "<group>"; };
		8BA0D054227D8C83000AC0A3 /* WeiBoDemo2.app */ = {isa = PBXFileReference; explicitFileType = wrapper.application; includeInIndex = 0; path = WeiBoDemo2.app; sourceTree = BUILT_PRODUCTS_DIR; };
		8BA0D057227D8C83000AC0A3 /* AppDelegate.h */ = {isa = PBXFileReference; lastKnownFileType = sourcecode.c.h; path = AppDelegate.h; sourceTree = "<group>"; };
		8BA0D058227D8C83000AC0A3 /* AppDelegate.m */ = {isa = PBXFileReference; lastKnownFileType = sourcecode.c.objc; path = AppDelegate.m; sourceTree = "<group>"; };
		8BA0D061227D8C83000AC0A3 /* WeiBoDemo2.xcdatamodel */ = {isa = PBXFileReference; lastKnownFileType = wrapper.xcdatamodel; path = WeiBoDemo2.xcdatamodel; sourceTree = "<group>"; };
		8BA0D063227D8C84000AC0A3 /* Assets.xcassets */ = {isa = PBXFileReference; lastKnownFileType = folder.assetcatalog; path = Assets.xcassets; sourceTree = "<group>"; };
		8BA0D068227D8C84000AC0A3 /* Info.plist */ = {isa = PBXFileReference; lastKnownFileType = text.plist.xml; path = Info.plist; sourceTree = "<group>"; };
		8BA0D069227D8C84000AC0A3 /* main.m */ = {isa = PBXFileReference; lastKnownFileType = sourcecode.c.objc; path = main.m; sourceTree = "<group>"; };
		8BA0D06F227D8C84000AC0A3 /* WeiBoDemo2Tests.xctest */ = {isa = PBXFileReference; explicitFileType = wrapper.cfbundle; includeInIndex = 0; path = WeiBoDemo2Tests.xctest; sourceTree = BUILT_PRODUCTS_DIR; };
		8BA0D073227D8C84000AC0A3 /* WeiBoDemo2Tests.m */ = {isa = PBXFileReference; lastKnownFileType = sourcecode.c.objc; path = WeiBoDemo2Tests.m; sourceTree = "<group>"; };
		8BA0D075227D8C84000AC0A3 /* Info.plist */ = {isa = PBXFileReference; lastKnownFileType = text.plist.xml; path = Info.plist; sourceTree = "<group>"; };
		8BA0D07A227D8C84000AC0A3 /* WeiBoDemo2UITests.xctest */ = {isa = PBXFileReference; explicitFileType = wrapper.cfbundle; includeInIndex = 0; path = WeiBoDemo2UITests.xctest; sourceTree = BUILT_PRODUCTS_DIR; };
		8BA0D07E227D8C84000AC0A3 /* WeiBoDemo2UITests.m */ = {isa = PBXFileReference; lastKnownFileType = sourcecode.c.objc; path = WeiBoDemo2UITests.m; sourceTree = "<group>"; };
		8BA0D080227D8C84000AC0A3 /* Info.plist */ = {isa = PBXFileReference; lastKnownFileType = text.plist.xml; path = Info.plist; sourceTree = "<group>"; };
		8BB46D72227DDF8B00C3359F /* SHTabBarController.h */ = {isa = PBXFileReference; lastKnownFileType = sourcecode.c.h; path = SHTabBarController.h; sourceTree = "<group>"; };
		8BB46D73227DDF8B00C3359F /* SHTabBarController.m */ = {isa = PBXFileReference; lastKnownFileType = sourcecode.c.objc; path = SHTabBarController.m; sourceTree = "<group>"; };
		8BB46D75227DE25100C3359F /* SHHomeTableViewController.h */ = {isa = PBXFileReference; lastKnownFileType = sourcecode.c.h; path = SHHomeTableViewController.h; sourceTree = "<group>"; };
		8BB46D76227DE25100C3359F /* SHHomeTableViewController.m */ = {isa = PBXFileReference; lastKnownFileType = sourcecode.c.objc; path = SHHomeTableViewController.m; sourceTree = "<group>"; };
		8BB46D78227DE27200C3359F /* SHDiscoverViewController.h */ = {isa = PBXFileReference; lastKnownFileType = sourcecode.c.h; path = SHDiscoverViewController.h; sourceTree = "<group>"; };
		8BB46D79227DE27200C3359F /* SHDiscoverViewController.m */ = {isa = PBXFileReference; lastKnownFileType = sourcecode.c.objc; path = SHDiscoverViewController.m; sourceTree = "<group>"; };
		8BB46D7B227DE28600C3359F /* SHMessageViewController.h */ = {isa = PBXFileReference; lastKnownFileType = sourcecode.c.h; path = SHMessageViewController.h; sourceTree = "<group>"; };
		8BB46D7C227DE28600C3359F /* SHMessageViewController.m */ = {isa = PBXFileReference; lastKnownFileType = sourcecode.c.objc; path = SHMessageViewController.m; sourceTree = "<group>"; };
		8BB46D7E227DE29C00C3359F /* SHProfileViewController.h */ = {isa = PBXFileReference; lastKnownFileType = sourcecode.c.h; path = SHProfileViewController.h; sourceTree = "<group>"; };
		8BB46D7F227DE29C00C3359F /* SHProfileViewController.m */ = {isa = PBXFileReference; lastKnownFileType = sourcecode.c.objc; path = SHProfileViewController.m; sourceTree = "<group>"; };
		8BB46D81227DEE3C00C3359F /* SHNavigationController.h */ = {isa = PBXFileReference; lastKnownFileType = sourcecode.c.h; path = SHNavigationController.h; sourceTree = "<group>"; };
		8BB46D82227DEE3C00C3359F /* SHNavigationController.m */ = {isa = PBXFileReference; lastKnownFileType = sourcecode.c.objc; path = SHNavigationController.m; sourceTree = "<group>"; };
		8BB46D84227DF32400C3359F /* SHTabBar.h */ = {isa = PBXFileReference; lastKnownFileType = sourcecode.c.h; path = SHTabBar.h; sourceTree = "<group>"; };
		8BB46D85227DF32400C3359F /* SHTabBar.m */ = {isa = PBXFileReference; lastKnownFileType = sourcecode.c.objc; path = SHTabBar.m; sourceTree = "<group>"; };
		8BB46D89227E05C500C3359F /* UIBarButtonItem+SHBarButton.h */ = {isa = PBXFileReference; lastKnownFileType = sourcecode.c.h; path = "UIBarButtonItem+SHBarButton.h"; sourceTree = "<group>"; };
		8BB46D8A227E05C500C3359F /* UIBarButtonItem+SHBarButton.m */ = {isa = PBXFileReference; lastKnownFileType = sourcecode.c.objc; path = "UIBarButtonItem+SHBarButton.m"; sourceTree = "<group>"; };
		8BB46D8C227E09B600C3359F /* SHSubViewController.h */ = {isa = PBXFileReference; lastKnownFileType = sourcecode.c.h; path = SHSubViewController.h; sourceTree = "<group>"; };
		8BB46D8D227E09B600C3359F /* SHSubViewController.m */ = {isa = PBXFileReference; lastKnownFileType = sourcecode.c.objc; path = SHSubViewController.m; sourceTree = "<group>"; };
		8BB8FF92227EC72000930989 /* SHNewFeatrureController.h */ = {isa = PBXFileReference; lastKnownFileType = sourcecode.c.h; path = SHNewFeatrureController.h; sourceTree = "<group>"; };
		8BB8FF93227EC72000930989 /* SHNewFeatrureController.m */ = {isa = PBXFileReference; lastKnownFileType = sourcecode.c.objc; path = SHNewFeatrureController.m; sourceTree = "<group>"; };
		8BB8FF95227ECA9400930989 /* SHNewFeatureCell.h */ = {isa = PBXFileReference; lastKnownFileType = sourcecode.c.h; path = SHNewFeatureCell.h; sourceTree = "<group>"; };
		8BB8FF96227ECA9400930989 /* SHNewFeatureCell.m */ = {isa = PBXFileReference; lastKnownFileType = sourcecode.c.objc; path = SHNewFeatureCell.m; sourceTree = "<group>"; };
		8BB8FF99227ECE0700930989 /* new_feature_4-568h@2x.png */ = {isa = PBXFileReference; lastKnownFileType = image.png; path = "new_feature_4-568h@2x.png"; sourceTree = "<group>"; };
		8BB8FF9A227ECE0700930989 /* new_feature_3-568h@2x.png */ = {isa = PBXFileReference; lastKnownFileType = image.png; path = "new_feature_3-568h@2x.png"; sourceTree = "<group>"; };
		8BB8FF9B227ECE0700930989 /* new_feature_share_false@2x.png */ = {isa = PBXFileReference; lastKnownFileType = image.png; path = "new_feature_share_false@2x.png"; sourceTree = "<group>"; };
		8BB8FF9C227ECE0700930989 /* new_feature_share_true@2x.png */ = {isa = PBXFileReference; lastKnownFileType = image.png; path = "new_feature_share_true@2x.png"; sourceTree = "<group>"; };
		8BB8FF9D227ECE0700930989 /* new_feature_1-568h@2x.png */ = {isa = PBXFileReference; lastKnownFileType = image.png; path = "new_feature_1-568h@2x.png"; sourceTree = "<group>"; };
		8BB8FF9E227ECE0700930989 /* new_feature_finish_button_highlighted@2x.png */ = {isa = PBXFileReference; lastKnownFileType = image.png; path = "new_feature_finish_button_highlighted@2x.png"; sourceTree = "<group>"; };
		8BB8FF9F227ECE0700930989 /* new_feature_2-568h@2x.png */ = {isa = PBXFileReference; lastKnownFileType = image.png; path = "new_feature_2-568h@2x.png"; sourceTree = "<group>"; };
		8BB8FFA0227ECE0700930989 /* new_feature_finish_button@2x.png */ = {isa = PBXFileReference; lastKnownFileType = image.png; path = "new_feature_finish_button@2x.png"; sourceTree = "<group>"; };
		8BB8FFAB227F257100930989 /* SHLaunchTools.h */ = {isa = PBXFileReference; lastKnownFileType = sourcecode.c.h; path = SHLaunchTools.h; sourceTree = "<group>"; };
		8BB8FFAC227F257100930989 /* SHLaunchTools.m */ = {isa = PBXFileReference; lastKnownFileType = sourcecode.c.objc; path = SHLaunchTools.m; sourceTree = "<group>"; };
		8BB8FFB2227F2CD000930989 /* SHOAuthController.h */ = {isa = PBXFileReference; lastKnownFileType = sourcecode.c.h; path = SHOAuthController.h; sourceTree = "<group>"; };
		8BB8FFB3227F2CD000930989 /* SHOAuthController.m */ = {isa = PBXFileReference; lastKnownFileType = sourcecode.c.objc; path = SHOAuthController.m; sourceTree = "<group>"; };
		8BB8FFB5227F356600930989 /* SHUserAccount.h */ = {isa = PBXFileReference; lastKnownFileType = sourcecode.c.h; path = SHUserAccount.h; sourceTree = "<group>"; };
		8BB8FFB6227F356600930989 /* SHUserAccount.m */ = {isa = PBXFileReference; lastKnownFileType = sourcecode.c.objc; path = SHUserAccount.m; sourceTree = "<group>"; };
		8BB8FFBA227F425E00930989 /* SHHttpTools.h */ = {isa = PBXFileReference; lastKnownFileType = sourcecode.c.h; path = SHHttpTools.h; sourceTree = "<group>"; };
		8BB8FFBB227F425E00930989 /* SHHttpTools.m */ = {isa = PBXFileReference; lastKnownFileType = sourcecode.c.objc; path = SHHttpTools.m; sourceTree = "<group>"; };
		8BB8FFBD227F462000930989 /* SHAccountTools.h */ = {isa = PBXFileReference; lastKnownFileType = sourcecode.c.h; path = SHAccountTools.h; sourceTree = "<group>"; };
		8BB8FFBE227F462000930989 /* SHAccountTools.m */ = {isa = PBXFileReference; lastKnownFileType = sourcecode.c.objc; path = SHAccountTools.m; sourceTree = "<group>"; };
		BF991B24CAD46AF519636084 /* Pods-WeiBoDemo2.debug.xcconfig */ = {isa = PBXFileReference; includeInIndex = 1; lastKnownFileType = text.xcconfig; name = "Pods-WeiBoDemo2.debug.xcconfig"; path = "Pods/Target Support Files/Pods-WeiBoDemo2/Pods-WeiBoDemo2.debug.xcconfig"; sourceTree = "<group>"; };
/* End PBXFileReference section */

/* Begin PBXFrameworksBuildPhase section */
		8BA0D051227D8C83000AC0A3 /* Frameworks */ = {
			isa = PBXFrameworksBuildPhase;
			buildActionMask = 2147483647;
			files = (
				B001F7CDEAAED8318708CD67 /* libPods-WeiBoDemo2.a in Frameworks */,
			);
			runOnlyForDeploymentPostprocessing = 0;
		};
		8BA0D06C227D8C84000AC0A3 /* Frameworks */ = {
			isa = PBXFrameworksBuildPhase;
			buildActionMask = 2147483647;
			files = (
			);
			runOnlyForDeploymentPostprocessing = 0;
		};
		8BA0D077227D8C84000AC0A3 /* Frameworks */ = {
			isa = PBXFrameworksBuildPhase;
			buildActionMask = 2147483647;
			files = (
			);
			runOnlyForDeploymentPostprocessing = 0;
		};
/* End PBXFrameworksBuildPhase section */

/* Begin PBXGroup section */
		14A8D56F09D865656B78A29C /* Pods */ = {
			isa = PBXGroup;
			children = (
				BF991B24CAD46AF519636084 /* Pods-WeiBoDemo2.debug.xcconfig */,
				68A9D28CC63C493623153D96 /* Pods-WeiBoDemo2.release.xcconfig */,
			);
			name = Pods;
			sourceTree = "<group>";
		};
		14FAFD560D7FE76F3D08DF43 /* Frameworks */ = {
			isa = PBXGroup;
			children = (
				63961B66152C0FE5FA878289 /* libPods-WeiBoDemo2.a */,
			);
			name = Frameworks;
			sourceTree = "<group>";
		};
		8BA0D04B227D8C83000AC0A3 = {
			isa = PBXGroup;
			children = (
				8BA0D056227D8C83000AC0A3 /* WeiBoDemo2 */,
				8BA0D072227D8C84000AC0A3 /* WeiBoDemo2Tests */,
				8BA0D07D227D8C84000AC0A3 /* WeiBoDemo2UITests */,
				8BA0D055227D8C83000AC0A3 /* Products */,
				14A8D56F09D865656B78A29C /* Pods */,
				14FAFD560D7FE76F3D08DF43 /* Frameworks */,
			);
			sourceTree = "<group>";
		};
		8BA0D055227D8C83000AC0A3 /* Products */ = {
			isa = PBXGroup;
			children = (
				8BA0D054227D8C83000AC0A3 /* WeiBoDemo2.app */,
				8BA0D06F227D8C84000AC0A3 /* WeiBoDemo2Tests.xctest */,
				8BA0D07A227D8C84000AC0A3 /* WeiBoDemo2UITests.xctest */,
			);
			name = Products;
			sourceTree = "<group>";
		};
		8BA0D056227D8C83000AC0A3 /* WeiBoDemo2 */ = {
			isa = PBXGroup;
			children = (
				8BB46D5D227DDC9D00C3359F /* Classes */,
				8BA0D057227D8C83000AC0A3 /* AppDelegate.h */,
				8BA0D058227D8C83000AC0A3 /* AppDelegate.m */,
				8BB46C1E227DC6F800C3359F /* Surport Files */,
			);
			path = WeiBoDemo2;
			sourceTree = "<group>";
		};
		8BA0D072227D8C84000AC0A3 /* WeiBoDemo2Tests */ = {
			isa = PBXGroup;
			children = (
				8BA0D073227D8C84000AC0A3 /* WeiBoDemo2Tests.m */,
				8BA0D075227D8C84000AC0A3 /* Info.plist */,
			);
			path = WeiBoDemo2Tests;
			sourceTree = "<group>";
		};
		8BA0D07D227D8C84000AC0A3 /* WeiBoDemo2UITests */ = {
			isa = PBXGroup;
			children = (
				8BA0D07E227D8C84000AC0A3 /* WeiBoDemo2UITests.m */,
				8BA0D080227D8C84000AC0A3 /* Info.plist */,
			);
			path = WeiBoDemo2UITests;
			sourceTree = "<group>";
		};
		8BB46C1E227DC6F800C3359F /* Surport Files */ = {
			isa = PBXGroup;
			children = (
				8BA0D063227D8C84000AC0A3 /* Assets.xcassets */,
				8BA0D068227D8C84000AC0A3 /* Info.plist */,
				8BA0D069227D8C84000AC0A3 /* main.m */,
				8BA0D060227D8C83000AC0A3 /* WeiBoDemo2.xcdatamodeld */,
			);
			path = "Surport Files";
			sourceTree = "<group>";
		};
		8BB46D5D227DDC9D00C3359F /* Classes */ = {
			isa = PBXGroup;
			children = (
				8BB8FFAE227F2C1800930989 /* OAuth */,
				8BB8FFA9227F245100930989 /* Tools */,
				8BB8FF8E227EC13500930989 /* NewFeature */,
				8BB46D87227E055100C3359F /* Other */,
				8BB46D5E227DDC9D00C3359F /* Home */,
				8BB46D62227DDC9D00C3359F /* Discover */,
				8BB46D66227DDC9D00C3359F /* Message */,
				8BB46D6A227DDC9D00C3359F /* Profile */,
				8BB46D6E227DDC9D00C3359F /* Main */,
			);
			path = Classes;
			sourceTree = "<group>";
		};
		8BB46D5E227DDC9D00C3359F /* Home */ = {
			isa = PBXGroup;
			children = (
				8BB46D5F227DDC9D00C3359F /* Controller */,
				8BB46D60227DDC9D00C3359F /* Model */,
				8BB46D61227DDC9D00C3359F /* View */,
			);
			path = Home;
			sourceTree = "<group>";
		};
		8BB46D5F227DDC9D00C3359F /* Controller */ = {
			isa = PBXGroup;
			children = (
				8BB46D75227DE25100C3359F /* SHHomeTableViewController.h */,
				8BB46D76227DE25100C3359F /* SHHomeTableViewController.m */,
				8BB46D8C227E09B600C3359F /* SHSubViewController.h */,
				8BB46D8D227E09B600C3359F /* SHSubViewController.m */,
			);
			path = Controller;
			sourceTree = "<group>";
		};
		8BB46D60227DDC9D00C3359F /* Model */ = {
			isa = PBXGroup;
			children = (
			);
			path = Model;
			sourceTree = "<group>";
		};
		8BB46D61227DDC9D00C3359F /* View */ = {
			isa = PBXGroup;
			children = (
			);
			path = View;
			sourceTree = "<group>";
		};
		8BB46D62227DDC9D00C3359F /* Discover */ = {
			isa = PBXGroup;
			children = (
				8BB46D63227DDC9D00C3359F /* Controller */,
				8BB46D64227DDC9D00C3359F /* Model */,
				8BB46D65227DDC9D00C3359F /* View */,
			);
			path = Discover;
			sourceTree = "<group>";
		};
		8BB46D63227DDC9D00C3359F /* Controller */ = {
			isa = PBXGroup;
			children = (
				8BB46D78227DE27200C3359F /* SHDiscoverViewController.h */,
				8BB46D79227DE27200C3359F /* SHDiscoverViewController.m */,
			);
			path = Controller;
			sourceTree = "<group>";
		};
		8BB46D64227DDC9D00C3359F /* Model */ = {
			isa = PBXGroup;
			children = (
			);
			path = Model;
			sourceTree = "<group>";
		};
		8BB46D65227DDC9D00C3359F /* View */ = {
			isa = PBXGroup;
			children = (
			);
			path = View;
			sourceTree = "<group>";
		};
		8BB46D66227DDC9D00C3359F /* Message */ = {
			isa = PBXGroup;
			children = (
				8BB46D67227DDC9D00C3359F /* Controller */,
				8BB46D68227DDC9D00C3359F /* Model */,
				8BB46D69227DDC9D00C3359F /* View */,
			);
			path = Message;
			sourceTree = "<group>";
		};
		8BB46D67227DDC9D00C3359F /* Controller */ = {
			isa = PBXGroup;
			children = (
				8BB46D7B227DE28600C3359F /* SHMessageViewController.h */,
				8BB46D7C227DE28600C3359F /* SHMessageViewController.m */,
			);
			path = Controller;
			sourceTree = "<group>";
		};
		8BB46D68227DDC9D00C3359F /* Model */ = {
			isa = PBXGroup;
			children = (
			);
			path = Model;
			sourceTree = "<group>";
		};
		8BB46D69227DDC9D00C3359F /* View */ = {
			isa = PBXGroup;
			children = (
			);
			path = View;
			sourceTree = "<group>";
		};
		8BB46D6A227DDC9D00C3359F /* Profile */ = {
			isa = PBXGroup;
			children = (
				8BB46D6B227DDC9D00C3359F /* Controller */,
				8BB46D6C227DDC9D00C3359F /* Model */,
				8BB46D6D227DDC9D00C3359F /* View */,
			);
			path = Profile;
			sourceTree = "<group>";
		};
		8BB46D6B227DDC9D00C3359F /* Controller */ = {
			isa = PBXGroup;
			children = (
				8BB46D7E227DE29C00C3359F /* SHProfileViewController.h */,
				8BB46D7F227DE29C00C3359F /* SHProfileViewController.m */,
			);
			path = Controller;
			sourceTree = "<group>";
		};
		8BB46D6C227DDC9D00C3359F /* Model */ = {
			isa = PBXGroup;
			children = (
			);
			path = Model;
			sourceTree = "<group>";
		};
		8BB46D6D227DDC9D00C3359F /* View */ = {
			isa = PBXGroup;
			children = (
			);
			path = View;
			sourceTree = "<group>";
		};
		8BB46D6E227DDC9D00C3359F /* Main */ = {
			isa = PBXGroup;
			children = (
				8BB46D6F227DDC9D00C3359F /* Controller */,
				8BB46D70227DDC9D00C3359F /* Model */,
				8BB46D71227DDC9D00C3359F /* View */,
			);
			path = Main;
			sourceTree = "<group>";
		};
		8BB46D6F227DDC9D00C3359F /* Controller */ = {
			isa = PBXGroup;
			children = (
				8BB46D72227DDF8B00C3359F /* SHTabBarController.h */,
				8BB46D73227DDF8B00C3359F /* SHTabBarController.m */,
				8BB46D81227DEE3C00C3359F /* SHNavigationController.h */,
				8BB46D82227DEE3C00C3359F /* SHNavigationController.m */,
			);
			path = Controller;
			sourceTree = "<group>";
		};
		8BB46D70227DDC9D00C3359F /* Model */ = {
			isa = PBXGroup;
			children = (
			);
			path = Model;
			sourceTree = "<group>";
		};
		8BB46D71227DDC9D00C3359F /* View */ = {
			isa = PBXGroup;
			children = (
				8BB46D84227DF32400C3359F /* SHTabBar.h */,
				8BB46D85227DF32400C3359F /* SHTabBar.m */,
			);
			path = View;
			sourceTree = "<group>";
		};
		8BB46D87227E055100C3359F /* Other */ = {
			isa = PBXGroup;
			children = (
				8BB46D88227E055F00C3359F /* Category */,
			);
			path = Other;
			sourceTree = "<group>";
		};
		8BB46D88227E055F00C3359F /* Category */ = {
			isa = PBXGroup;
			children = (
				8BB46D89227E05C500C3359F /* UIBarButtonItem+SHBarButton.h */,
				8BB46D8A227E05C500C3359F /* UIBarButtonItem+SHBarButton.m */,
			);
			path = Category;
			sourceTree = "<group>";
		};
		8BB8FF8E227EC13500930989 /* NewFeature */ = {
			isa = PBXGroup;
			children = (
				8BB8FF98227ECDED00930989 /* Images */,
				8BB8FF91227EC16600930989 /* Controller */,
				8BB8FF90227EC15E00930989 /* View */,
				8BB8FF8F227EC15500930989 /* Model */,
			);
			path = NewFeature;
			sourceTree = "<group>";
		};
		8BB8FF8F227EC15500930989 /* Model */ = {
			isa = PBXGroup;
			children = (
			);
			path = Model;
			sourceTree = "<group>";
		};
		8BB8FF90227EC15E00930989 /* View */ = {
			isa = PBXGroup;
			children = (
				8BB8FF95227ECA9400930989 /* SHNewFeatureCell.h */,
				8BB8FF96227ECA9400930989 /* SHNewFeatureCell.m */,
			);
			path = View;
			sourceTree = "<group>";
		};
		8BB8FF91227EC16600930989 /* Controller */ = {
			isa = PBXGroup;
			children = (
				8BB8FF92227EC72000930989 /* SHNewFeatrureController.h */,
				8BB8FF93227EC72000930989 /* SHNewFeatrureController.m */,
			);
			path = Controller;
			sourceTree = "<group>";
		};
		8BB8FF98227ECDED00930989 /* Images */ = {
			isa = PBXGroup;
			children = (
				8BB8FF9D227ECE0700930989 /* new_feature_1-568h@2x.png */,
				8BB8FF9F227ECE0700930989 /* new_feature_2-568h@2x.png */,
				8BB8FF9A227ECE0700930989 /* new_feature_3-568h@2x.png */,
				8BB8FF99227ECE0700930989 /* new_feature_4-568h@2x.png */,
				8BB8FF9E227ECE0700930989 /* new_feature_finish_button_highlighted@2x.png */,
				8BB8FFA0227ECE0700930989 /* new_feature_finish_button@2x.png */,
				8BB8FF9B227ECE0700930989 /* new_feature_share_false@2x.png */,
				8BB8FF9C227ECE0700930989 /* new_feature_share_true@2x.png */,
			);
			path = Images;
			sourceTree = "<group>";
		};
		8BB8FFA9227F245100930989 /* Tools */ = {
			isa = PBXGroup;
			children = (
				8BB8FFB9227F41E500930989 /* HttpTools */,
				8BB8FFB8227F415E00930989 /* Account */,
				8BB8FFAA227F245E00930989 /* LaunchInterface */,
			);
			path = Tools;
			sourceTree = "<group>";
		};
		8BB8FFAA227F245E00930989 /* LaunchInterface */ = {
			isa = PBXGroup;
			children = (
				8BB8FFAB227F257100930989 /* SHLaunchTools.h */,
				8BB8FFAC227F257100930989 /* SHLaunchTools.m */,
			);
			path = LaunchInterface;
			sourceTree = "<group>";
		};
		8BB8FFAE227F2C1800930989 /* OAuth */ = {
			isa = PBXGroup;
			children = (
				8BB8FFB0227F2C2D00930989 /* Controller */,
				8BB8FFAF227F2C2400930989 /* Model */,
				8BB8FFB1227F2C3800930989 /* View */,
			);
			path = OAuth;
			sourceTree = "<group>";
		};
		8BB8FFAF227F2C2400930989 /* Model */ = {
			isa = PBXGroup;
			children = (
				8BB8FFB5227F356600930989 /* SHUserAccount.h */,
				8BB8FFB6227F356600930989 /* SHUserAccount.m */,
			);
			path = Model;
			sourceTree = "<group>";
		};
		8BB8FFB0227F2C2D00930989 /* Controller */ = {
			isa = PBXGroup;
			children = (
				8BB8FFB2227F2CD000930989 /* SHOAuthController.h */,
				8BB8FFB3227F2CD000930989 /* SHOAuthController.m */,
			);
			path = Controller;
			sourceTree = "<group>";
		};
		8BB8FFB1227F2C3800930989 /* View */ = {
			isa = PBXGroup;
			children = (
			);
			path = View;
			sourceTree = "<group>";
		};
		8BB8FFB8227F415E00930989 /* Account */ = {
			isa = PBXGroup;
			children = (
				8BB8FFBD227F462000930989 /* SHAccountTools.h */,
				8BB8FFBE227F462000930989 /* SHAccountTools.m */,
			);
			path = Account;
			sourceTree = "<group>";
		};
		8BB8FFB9227F41E500930989 /* HttpTools */ = {
			isa = PBXGroup;
			children = (
				8BB8FFBA227F425E00930989 /* SHHttpTools.h */,
				8BB8FFBB227F425E00930989 /* SHHttpTools.m */,
			);
			path = HttpTools;
			sourceTree = "<group>";
		};
/* End PBXGroup section */

/* Begin PBXNativeTarget section */
		8BA0D053227D8C83000AC0A3 /* WeiBoDemo2 */ = {
			isa = PBXNativeTarget;
			buildConfigurationList = 8BA0D083227D8C84000AC0A3 /* Build configuration list for PBXNativeTarget "WeiBoDemo2" */;
			buildPhases = (
				8A0BD5A9A24B57D4384B2FE3 /* [CP] Check Pods Manifest.lock */,
				8BA0D050227D8C83000AC0A3 /* Sources */,
				8BA0D051227D8C83000AC0A3 /* Frameworks */,
				8BA0D052227D8C83000AC0A3 /* Resources */,
				010CC40D2F4C3284AB996D71 /* [CP] Copy Pods Resources */,
			);
			buildRules = (
			);
			dependencies = (
			);
			name = WeiBoDemo2;
			productName = WeiBoDemo2;
			productReference = 8BA0D054227D8C83000AC0A3 /* WeiBoDemo2.app */;
			productType = "com.apple.product-type.application";
		};
		8BA0D06E227D8C84000AC0A3 /* WeiBoDemo2Tests */ = {
			isa = PBXNativeTarget;
			buildConfigurationList = 8BA0D086227D8C84000AC0A3 /* Build configuration list for PBXNativeTarget "WeiBoDemo2Tests" */;
			buildPhases = (
				8BA0D06B227D8C84000AC0A3 /* Sources */,
				8BA0D06C227D8C84000AC0A3 /* Frameworks */,
				8BA0D06D227D8C84000AC0A3 /* Resources */,
			);
			buildRules = (
			);
			dependencies = (
				8BA0D071227D8C84000AC0A3 /* PBXTargetDependency */,
			);
			name = WeiBoDemo2Tests;
			productName = WeiBoDemo2Tests;
			productReference = 8BA0D06F227D8C84000AC0A3 /* WeiBoDemo2Tests.xctest */;
			productType = "com.apple.product-type.bundle.unit-test";
		};
		8BA0D079227D8C84000AC0A3 /* WeiBoDemo2UITests */ = {
			isa = PBXNativeTarget;
			buildConfigurationList = 8BA0D089227D8C84000AC0A3 /* Build configuration list for PBXNativeTarget "WeiBoDemo2UITests" */;
			buildPhases = (
				8BA0D076227D8C84000AC0A3 /* Sources */,
				8BA0D077227D8C84000AC0A3 /* Frameworks */,
				8BA0D078227D8C84000AC0A3 /* Resources */,
			);
			buildRules = (
			);
			dependencies = (
				8BA0D07C227D8C84000AC0A3 /* PBXTargetDependency */,
			);
			name = WeiBoDemo2UITests;
			productName = WeiBoDemo2UITests;
			productReference = 8BA0D07A227D8C84000AC0A3 /* WeiBoDemo2UITests.xctest */;
			productType = "com.apple.product-type.bundle.ui-testing";
		};
/* End PBXNativeTarget section */

/* Begin PBXProject section */
		8BA0D04C227D8C83000AC0A3 /* Project object */ = {
			isa = PBXProject;
			attributes = {
				CLASSPREFIX = SH;
				LastUpgradeCheck = 1020;
				ORGANIZATIONNAME = HuangSenhui;
				TargetAttributes = {
					8BA0D053227D8C83000AC0A3 = {
						CreatedOnToolsVersion = 10.2;
					};
					8BA0D06E227D8C84000AC0A3 = {
						CreatedOnToolsVersion = 10.2;
						TestTargetID = 8BA0D053227D8C83000AC0A3;
					};
					8BA0D079227D8C84000AC0A3 = {
						CreatedOnToolsVersion = 10.2;
						TestTargetID = 8BA0D053227D8C83000AC0A3;
					};
				};
			};
			buildConfigurationList = 8BA0D04F227D8C83000AC0A3 /* Build configuration list for PBXProject "WeiBoDemo2" */;
			compatibilityVersion = "Xcode 10.0";
			developmentRegion = en;
			hasScannedForEncodings = 0;
			knownRegions = (
				en,
				Base,
			);
			mainGroup = 8BA0D04B227D8C83000AC0A3;
			productRefGroup = 8BA0D055227D8C83000AC0A3 /* Products */;
			projectDirPath = "";
			projectRoot = "";
			targets = (
				8BA0D053227D8C83000AC0A3 /* WeiBoDemo2 */,
				8BA0D06E227D8C84000AC0A3 /* WeiBoDemo2Tests */,
				8BA0D079227D8C84000AC0A3 /* WeiBoDemo2UITests */,
			);
		};
/* End PBXProject section */

/* Begin PBXResourcesBuildPhase section */
		8BA0D052227D8C83000AC0A3 /* Resources */ = {
			isa = PBXResourcesBuildPhase;
			buildActionMask = 2147483647;
			files = (
				8BB8FFA8227ECE0700930989 /* new_feature_finish_button@2x.png in Resources */,
				8BB8FFA3227ECE0700930989 /* new_feature_share_false@2x.png in Resources */,
				8BB8FFA1227ECE0700930989 /* new_feature_4-568h@2x.png in Resources */,
				8BB8FFA6227ECE0700930989 /* new_feature_finish_button_highlighted@2x.png in Resources */,
				8BB8FFA4227ECE0700930989 /* new_feature_share_true@2x.png in Resources */,
				8BB8FFA7227ECE0700930989 /* new_feature_2-568h@2x.png in Resources */,
				8BA0D064227D8C84000AC0A3 /* Assets.xcassets in Resources */,
				8BB8FFA2227ECE0700930989 /* new_feature_3-568h@2x.png in Resources */,
				8BB8FFA5227ECE0700930989 /* new_feature_1-568h@2x.png in Resources */,
			);
			runOnlyForDeploymentPostprocessing = 0;
		};
		8BA0D06D227D8C84000AC0A3 /* Resources */ = {
			isa = PBXResourcesBuildPhase;
			buildActionMask = 2147483647;
			files = (
			);
			runOnlyForDeploymentPostprocessing = 0;
		};
		8BA0D078227D8C84000AC0A3 /* Resources */ = {
			isa = PBXResourcesBuildPhase;
			buildActionMask = 2147483647;
			files = (
			);
			runOnlyForDeploymentPostprocessing = 0;
		};
/* End PBXResourcesBuildPhase section */

/* Begin PBXShellScriptBuildPhase section */
		010CC40D2F4C3284AB996D71 /* [CP] Copy Pods Resources */ = {
			isa = PBXShellScriptBuildPhase;
			buildActionMask = 2147483647;
			files = (
			);
			inputFileListPaths = (
			);
			inputPaths = (
				"${SRCROOT}/Pods/Target Support Files/Pods-WeiBoDemo2/Pods-WeiBoDemo2-resources.sh",
				"${PODS_ROOT}/MJRefresh/MJRefresh/MJRefresh.bundle",
			);
			name = "[CP] Copy Pods Resources";
			outputFileListPaths = (
			);
			outputPaths = (
				"${TARGET_BUILD_DIR}/${UNLOCALIZED_RESOURCES_FOLDER_PATH}/MJRefresh.bundle",
			);
			runOnlyForDeploymentPostprocessing = 0;
			shellPath = /bin/sh;
			shellScript = "\"${SRCROOT}/Pods/Target Support Files/Pods-WeiBoDemo2/Pods-WeiBoDemo2-resources.sh\"\n";
			showEnvVarsInLog = 0;
		};
		8A0BD5A9A24B57D4384B2FE3 /* [CP] Check Pods Manifest.lock */ = {
			isa = PBXShellScriptBuildPhase;
			buildActionMask = 2147483647;
			files = (
			);
			inputFileListPaths = (
			);
			inputPaths = (
				"${PODS_PODFILE_DIR_PATH}/Podfile.lock",
				"${PODS_ROOT}/Manifest.lock",
			);
			name = "[CP] Check Pods Manifest.lock";
			outputFileListPaths = (
			);
			outputPaths = (
				"$(DERIVED_FILE_DIR)/Pods-WeiBoDemo2-checkManifestLockResult.txt",
			);
			runOnlyForDeploymentPostprocessing = 0;
			shellPath = /bin/sh;
			shellScript = "diff \"${PODS_PODFILE_DIR_PATH}/Podfile.lock\" \"${PODS_ROOT}/Manifest.lock\" > /dev/null\nif [ $? != 0 ] ; then\n    # print error to STDERR\n    echo \"error: The sandbox is not in sync with the Podfile.lock. Run 'pod install' or update your CocoaPods installation.\" >&2\n    exit 1\nfi\n# This output is used by Xcode 'outputs' to avoid re-running this script phase.\necho \"SUCCESS\" > \"${SCRIPT_OUTPUT_FILE_0}\"\n";
			showEnvVarsInLog = 0;
		};
/* End PBXShellScriptBuildPhase section */

/* Begin PBXSourcesBuildPhase section */
		8BA0D050227D8C83000AC0A3 /* Sources */ = {
			isa = PBXSourcesBuildPhase;
			buildActionMask = 2147483647;
			files = (
				8BB46D8E227E09B600C3359F /* SHSubViewController.m in Sources */,
				8BB8FFAD227F257100930989 /* SHLaunchTools.m in Sources */,
				8BB46D7A227DE27200C3359F /* SHDiscoverViewController.m in Sources */,
				8BB46D7D227DE28600C3359F /* SHMessageViewController.m in Sources */,
				8BB8FFBF227F462000930989 /* SHAccountTools.m in Sources */,
				8BA0D062227D8C83000AC0A3 /* WeiBoDemo2.xcdatamodeld in Sources */,
				8BB46D77227DE25100C3359F /* SHHomeTableViewController.m in Sources */,
				8BB8FFBC227F425E00930989 /* SHHttpTools.m in Sources */,
				8BA0D06A227D8C84000AC0A3 /* main.m in Sources */,
				8BB46D83227DEE3C00C3359F /* SHNavigationController.m in Sources */,
				8BB46D74227DDF8B00C3359F /* SHTabBarController.m in Sources */,
				8BA0D059227D8C83000AC0A3 /* AppDelegate.m in Sources */,
				8BB46D86227DF32400C3359F /* SHTabBar.m in Sources */,
				8BB8FF97227ECA9400930989 /* SHNewFeatureCell.m in Sources */,
				8BB8FF94227EC72000930989 /* SHNewFeatrureController.m in Sources */,
				8BB46D80227DE29C00C3359F /* SHProfileViewController.m in Sources */,
				8BB8FFB7227F356600930989 /* SHUserAccount.m in Sources */,
				8BB8FFB4227F2CD000930989 /* SHOAuthController.m in Sources */,
				8BB46D8B227E05C500C3359F /* UIBarButtonItem+SHBarButton.m in Sources */,
			);
			runOnlyForDeploymentPostprocessing = 0;
		};
		8BA0D06B227D8C84000AC0A3 /* Sources */ = {
			isa = PBXSourcesBuildPhase;
			buildActionMask = 2147483647;
			files = (
				8BA0D074227D8C84000AC0A3 /* WeiBoDemo2Tests.m in Sources */,
			);
			runOnlyForDeploymentPostprocessing = 0;
		};
		8BA0D076227D8C84000AC0A3 /* Sources */ = {
			isa = PBXSourcesBuildPhase;
			buildActionMask = 2147483647;
			files = (
				8BA0D07F227D8C84000AC0A3 /* WeiBoDemo2UITests.m in Sources */,
			);
			runOnlyForDeploymentPostprocessing = 0;
		};
/* End PBXSourcesBuildPhase section */

/* Begin PBXTargetDependency section */
		8BA0D071227D8C84000AC0A3 /* PBXTargetDependency */ = {
			isa = PBXTargetDependency;
			target = 8BA0D053227D8C83000AC0A3 /* WeiBoDemo2 */;
			targetProxy = 8BA0D070227D8C84000AC0A3 /* PBXContainerItemProxy */;
		};
		8BA0D07C227D8C84000AC0A3 /* PBXTargetDependency */ = {
			isa = PBXTargetDependency;
			target = 8BA0D053227D8C83000AC0A3 /* WeiBoDemo2 */;
			targetProxy = 8BA0D07B227D8C84000AC0A3 /* PBXContainerItemProxy */;
		};
/* End PBXTargetDependency section */

/* Begin XCBuildConfiguration section */
		8BA0D081227D8C84000AC0A3 /* Debug */ = {
			isa = XCBuildConfiguration;
			buildSettings = {
				ALWAYS_SEARCH_USER_PATHS = NO;
				CLANG_ANALYZER_NONNULL = YES;
				CLANG_ANALYZER_NUMBER_OBJECT_CONVERSION = YES_AGGRESSIVE;
				CLANG_CXX_LANGUAGE_STANDARD = "gnu++14";
				CLANG_CXX_LIBRARY = "libc++";
				CLANG_ENABLE_MODULES = YES;
				CLANG_ENABLE_OBJC_ARC = YES;
				CLANG_ENABLE_OBJC_WEAK = YES;
				CLANG_WARN_BLOCK_CAPTURE_AUTORELEASING = YES;
				CLANG_WARN_BOOL_CONVERSION = YES;
				CLANG_WARN_COMMA = YES;
				CLANG_WARN_CONSTANT_CONVERSION = YES;
				CLANG_WARN_DEPRECATED_OBJC_IMPLEMENTATIONS = YES;
				CLANG_WARN_DIRECT_OBJC_ISA_USAGE = YES_ERROR;
				CLANG_WARN_DOCUMENTATION_COMMENTS = YES;
				CLANG_WARN_EMPTY_BODY = YES;
				CLANG_WARN_ENUM_CONVERSION = YES;
				CLANG_WARN_INFINITE_RECURSION = YES;
				CLANG_WARN_INT_CONVERSION = YES;
				CLANG_WARN_NON_LITERAL_NULL_CONVERSION = YES;
				CLANG_WARN_OBJC_IMPLICIT_RETAIN_SELF = YES;
				CLANG_WARN_OBJC_LITERAL_CONVERSION = YES;
				CLANG_WARN_OBJC_ROOT_CLASS = YES_ERROR;
				CLANG_WARN_RANGE_LOOP_ANALYSIS = YES;
				CLANG_WARN_STRICT_PROTOTYPES = YES;
				CLANG_WARN_SUSPICIOUS_MOVE = YES;
				CLANG_WARN_UNGUARDED_AVAILABILITY = YES_AGGRESSIVE;
				CLANG_WARN_UNREACHABLE_CODE = YES;
				CLANG_WARN__DUPLICATE_METHOD_MATCH = YES;
				CODE_SIGN_IDENTITY = "iPhone Developer";
				COPY_PHASE_STRIP = NO;
				DEBUG_INFORMATION_FORMAT = dwarf;
				ENABLE_STRICT_OBJC_MSGSEND = YES;
				ENABLE_TESTABILITY = YES;
				GCC_C_LANGUAGE_STANDARD = gnu11;
				GCC_DYNAMIC_NO_PIC = NO;
				GCC_NO_COMMON_BLOCKS = YES;
				GCC_OPTIMIZATION_LEVEL = 0;
				GCC_PREPROCESSOR_DEFINITIONS = (
					"DEBUG=1",
					"$(inherited)",
				);
				GCC_WARN_64_TO_32_BIT_CONVERSION = YES;
				GCC_WARN_ABOUT_RETURN_TYPE = YES_ERROR;
				GCC_WARN_UNDECLARED_SELECTOR = YES;
				GCC_WARN_UNINITIALIZED_AUTOS = YES_AGGRESSIVE;
				GCC_WARN_UNUSED_FUNCTION = YES;
				GCC_WARN_UNUSED_VARIABLE = YES;
				IPHONEOS_DEPLOYMENT_TARGET = 12.2;
				MTL_ENABLE_DEBUG_INFO = INCLUDE_SOURCE;
				MTL_FAST_MATH = YES;
				ONLY_ACTIVE_ARCH = YES;
				SDKROOT = iphoneos;
			};
			name = Debug;
		};
		8BA0D082227D8C84000AC0A3 /* Release */ = {
			isa = XCBuildConfiguration;
			buildSettings = {
				ALWAYS_SEARCH_USER_PATHS = NO;
				CLANG_ANALYZER_NONNULL = YES;
				CLANG_ANALYZER_NUMBER_OBJECT_CONVERSION = YES_AGGRESSIVE;
				CLANG_CXX_LANGUAGE_STANDARD = "gnu++14";
				CLANG_CXX_LIBRARY = "libc++";
				CLANG_ENABLE_MODULES = YES;
				CLANG_ENABLE_OBJC_ARC = YES;
				CLANG_ENABLE_OBJC_WEAK = YES;
				CLANG_WARN_BLOCK_CAPTURE_AUTORELEASING = YES;
				CLANG_WARN_BOOL_CONVERSION = YES;
				CLANG_WARN_COMMA = YES;
				CLANG_WARN_CONSTANT_CONVERSION = YES;
				CLANG_WARN_DEPRECATED_OBJC_IMPLEMENTATIONS = YES;
				CLANG_WARN_DIRECT_OBJC_ISA_USAGE = YES_ERROR;
				CLANG_WARN_DOCUMENTATION_COMMENTS = YES;
				CLANG_WARN_EMPTY_BODY = YES;
				CLANG_WARN_ENUM_CONVERSION = YES;
				CLANG_WARN_INFINITE_RECURSION = YES;
				CLANG_WARN_INT_CONVERSION = YES;
				CLANG_WARN_NON_LITERAL_NULL_CONVERSION = YES;
				CLANG_WARN_OBJC_IMPLICIT_RETAIN_SELF = YES;
				CLANG_WARN_OBJC_LITERAL_CONVERSION = YES;
				CLANG_WARN_OBJC_ROOT_CLASS = YES_ERROR;
				CLANG_WARN_RANGE_LOOP_ANALYSIS = YES;
				CLANG_WARN_STRICT_PROTOTYPES = YES;
				CLANG_WARN_SUSPICIOUS_MOVE = YES;
				CLANG_WARN_UNGUARDED_AVAILABILITY = YES_AGGRESSIVE;
				CLANG_WARN_UNREACHABLE_CODE = YES;
				CLANG_WARN__DUPLICATE_METHOD_MATCH = YES;
				CODE_SIGN_IDENTITY = "iPhone Developer";
				COPY_PHASE_STRIP = NO;
				DEBUG_INFORMATION_FORMAT = "dwarf-with-dsym";
				ENABLE_NS_ASSERTIONS = NO;
				ENABLE_STRICT_OBJC_MSGSEND = YES;
				GCC_C_LANGUAGE_STANDARD = gnu11;
				GCC_NO_COMMON_BLOCKS = YES;
				GCC_WARN_64_TO_32_BIT_CONVERSION = YES;
				GCC_WARN_ABOUT_RETURN_TYPE = YES_ERROR;
				GCC_WARN_UNDECLARED_SELECTOR = YES;
				GCC_WARN_UNINITIALIZED_AUTOS = YES_AGGRESSIVE;
				GCC_WARN_UNUSED_FUNCTION = YES;
				GCC_WARN_UNUSED_VARIABLE = YES;
				IPHONEOS_DEPLOYMENT_TARGET = 12.2;
				MTL_ENABLE_DEBUG_INFO = NO;
				MTL_FAST_MATH = YES;
				SDKROOT = iphoneos;
				VALIDATE_PRODUCT = YES;
			};
			name = Release;
		};
		8BA0D084227D8C84000AC0A3 /* Debug */ = {
			isa = XCBuildConfiguration;
			baseConfigurationReference = BF991B24CAD46AF519636084 /* Pods-WeiBoDemo2.debug.xcconfig */;
			buildSettings = {
				ASSETCATALOG_COMPILER_APPICON_NAME = AppIcon;
				ASSETCATALOG_COMPILER_LAUNCHIMAGE_NAME = LaunchImage;
				CODE_SIGN_STYLE = Automatic;
				DEVELOPMENT_TEAM = A2LPNTJJ58;
				INFOPLIST_FILE = "$(SRCROOT)/WeiBoDemo2/Surport Files/Info.plist";
				IPHONEOS_DEPLOYMENT_TARGET = 10.0;
				LD_RUNPATH_SEARCH_PATHS = (
					"$(inherited)",
					"@executable_path/Frameworks",
				);
				PRODUCT_BUNDLE_IDENTIFIER = live.huangsenhui.WeiBoDemo2;
				PRODUCT_NAME = "$(TARGET_NAME)";
				TARGETED_DEVICE_FAMILY = 1;
			};
			name = Debug;
		};
		8BA0D085227D8C84000AC0A3 /* Release */ = {
			isa = XCBuildConfiguration;
			baseConfigurationReference = 68A9D28CC63C493623153D96 /* Pods-WeiBoDemo2.release.xcconfig */;
			buildSettings = {
				ASSETCATALOG_COMPILER_APPICON_NAME = AppIcon;
				ASSETCATALOG_COMPILER_LAUNCHIMAGE_NAME = LaunchImage;
				CODE_SIGN_STYLE = Automatic;
				DEVELOPMENT_TEAM = A2LPNTJJ58;
				INFOPLIST_FILE = "$(SRCROOT)/WeiBoDemo2/Surport Files/Info.plist";
				IPHONEOS_DEPLOYMENT_TARGET = 10.0;
				LD_RUNPATH_SEARCH_PATHS = (
					"$(inherited)",
					"@executable_path/Frameworks",
				);
				PRODUCT_BUNDLE_IDENTIFIER = live.huangsenhui.WeiBoDemo2;
				PRODUCT_NAME = "$(TARGET_NAME)";
				TARGETED_DEVICE_FAMILY = 1;
			};
			name = Release;
		};
		8BA0D087227D8C84000AC0A3 /* Debug */ = {
			isa = XCBuildConfiguration;
			buildSettings = {
				BUNDLE_LOADER = "$(TEST_HOST)";
				CODE_SIGN_STYLE = Automatic;
				DEVELOPMENT_TEAM = A2LPNTJJ58;
				INFOPLIST_FILE = WeiBoDemo2Tests/Info.plist;
				LD_RUNPATH_SEARCH_PATHS = (
					"$(inherited)",
					"@executable_path/Frameworks",
					"@loader_path/Frameworks",
				);
				PRODUCT_BUNDLE_IDENTIFIER = live.huangsenhui.WeiBoDemo2Tests;
				PRODUCT_NAME = "$(TARGET_NAME)";
				TARGETED_DEVICE_FAMILY = "1,2";
				TEST_HOST = "$(BUILT_PRODUCTS_DIR)/WeiBoDemo2.app/WeiBoDemo2";
			};
			name = Debug;
		};
		8BA0D088227D8C84000AC0A3 /* Release */ = {
			isa = XCBuildConfiguration;
			buildSettings = {
				BUNDLE_LOADER = "$(TEST_HOST)";
				CODE_SIGN_STYLE = Automatic;
				DEVELOPMENT_TEAM = A2LPNTJJ58;
				INFOPLIST_FILE = WeiBoDemo2Tests/Info.plist;
				LD_RUNPATH_SEARCH_PATHS = (
					"$(inherited)",
					"@executable_path/Frameworks",
					"@loader_path/Frameworks",
				);
				PRODUCT_BUNDLE_IDENTIFIER = live.huangsenhui.WeiBoDemo2Tests;
				PRODUCT_NAME = "$(TARGET_NAME)";
				TARGETED_DEVICE_FAMILY = "1,2";
				TEST_HOST = "$(BUILT_PRODUCTS_DIR)/WeiBoDemo2.app/WeiBoDemo2";
			};
			name = Release;
		};
		8BA0D08A227D8C84000AC0A3 /* Debug */ = {
			isa = XCBuildConfiguration;
			buildSettings = {
				CODE_SIGN_STYLE = Automatic;
				DEVELOPMENT_TEAM = A2LPNTJJ58;
				INFOPLIST_FILE = WeiBoDemo2UITests/Info.plist;
				LD_RUNPATH_SEARCH_PATHS = (
					"$(inherited)",
					"@executable_path/Frameworks",
					"@loader_path/Frameworks",
				);
				PRODUCT_BUNDLE_IDENTIFIER = live.huangsenhui.WeiBoDemo2UITests;
				PRODUCT_NAME = "$(TARGET_NAME)";
				TARGETED_DEVICE_FAMILY = "1,2";
				TEST_TARGET_NAME = WeiBoDemo2;
			};
			name = Debug;
		};
		8BA0D08B227D8C84000AC0A3 /* Release */ = {
			isa = XCBuildConfiguration;
			buildSettings = {
				CODE_SIGN_STYLE = Automatic;
				DEVELOPMENT_TEAM = A2LPNTJJ58;
				INFOPLIST_FILE = WeiBoDemo2UITests/Info.plist;
				LD_RUNPATH_SEARCH_PATHS = (
					"$(inherited)",
					"@executable_path/Frameworks",
					"@loader_path/Frameworks",
				);
				PRODUCT_BUNDLE_IDENTIFIER = live.huangsenhui.WeiBoDemo2UITests;
				PRODUCT_NAME = "$(TARGET_NAME)";
				TARGETED_DEVICE_FAMILY = "1,2";
				TEST_TARGET_NAME = WeiBoDemo2;
			};
			name = Release;
		};
/* End XCBuildConfiguration section */

/* Begin XCConfigurationList section */
		8BA0D04F227D8C83000AC0A3 /* Build configuration list for PBXProject "WeiBoDemo2" */ = {
			isa = XCConfigurationList;
			buildConfigurations = (
				8BA0D081227D8C84000AC0A3 /* Debug */,
				8BA0D082227D8C84000AC0A3 /* Release */,
			);
			defaultConfigurationIsVisible = 0;
			defaultConfigurationName = Release;
		};
		8BA0D083227D8C84000AC0A3 /* Build configuration list for PBXNativeTarget "WeiBoDemo2" */ = {
			isa = XCConfigurationList;
			buildConfigurations = (
				8BA0D084227D8C84000AC0A3 /* Debug */,
				8BA0D085227D8C84000AC0A3 /* Release */,
			);
			defaultConfigurationIsVisible = 0;
			defaultConfigurationName = Release;
		};
		8BA0D086227D8C84000AC0A3 /* Build configuration list for PBXNativeTarget "WeiBoDemo2Tests" */ = {
			isa = XCConfigurationList;
			buildConfigurations = (
				8BA0D087227D8C84000AC0A3 /* Debug */,
				8BA0D088227D8C84000AC0A3 /* Release */,
			);
			defaultConfigurationIsVisible = 0;
			defaultConfigurationName = Release;
		};
		8BA0D089227D8C84000AC0A3 /* Build configuration list for PBXNativeTarget "WeiBoDemo2UITests" */ = {
			isa = XCConfigurationList;
			buildConfigurations = (
				8BA0D08A227D8C84000AC0A3 /* Debug */,
				8BA0D08B227D8C84000AC0A3 /* Release */,
			);
			defaultConfigurationIsVisible = 0;
			defaultConfigurationName = Release;
		};
/* End XCConfigurationList section */

/* Begin XCVersionGroup section */
		8BA0D060227D8C83000AC0A3 /* WeiBoDemo2.xcdatamodeld */ = {
			isa = XCVersionGroup;
			children = (
				8BA0D061227D8C83000AC0A3 /* WeiBoDemo2.xcdatamodel */,
			);
			currentVersion = 8BA0D061227D8C83000AC0A3 /* WeiBoDemo2.xcdatamodel */;
			path = WeiBoDemo2.xcdatamodeld;
			sourceTree = "<group>";
			versionGroupType = wrapper.xcdatamodel;
		};
/* End XCVersionGroup section */
	};
	rootObject = 8BA0D04C227D8C83000AC0A3 /* Project object */;
}
